schema: '2.0'
stages:
  extract_data:
    cmd: python src/data/extract_data.py
    deps:
    - path: data/raw/datasets.zip
      hash: md5
      md5: 47fcc6fa67d6e390810205cd13884ff2
      size: 2332182734
    - path: src/data/extract_data.py
      hash: md5
      md5: 3bc4b0966bb41fb6cf9de1959df49988
      size: 755
    outs:
    - path: data/raw/datasets
      hash: md5
      md5: 66bee4e275a0021231c766dba46fb683.dir
      size: 2360199167
      nfiles: 1549
  make_dataset:
    cmd: python src/data/make_dataset.py
    deps:
    - path: data/raw/datasets
      hash: md5
      md5: 66bee4e275a0021231c766dba46fb683.dir
      size: 2360199167
      nfiles: 1549
    - path: src/data/make_dataset.py
      hash: md5
      md5: 9098e38b6e5b215b9f4048bb4eaad083
      size: 4065
    outs:
    - path: data/processed/datasets_processed.zip
      hash: md5
      md5: 42a8dd874f989c610c180dfd537e511b
      size: 2048543648
  train_model:
    cmd: python src/models/train_model.py
    deps:
    - path: data/processed/datasets_processed.zip
      hash: md5
      md5: 42a8dd874f989c610c180dfd537e511b
      size: 2048543648
    - path: src/models/train_model.py
      hash: md5
      md5: 03eea812e1206b8503ab00b9e6f9d0a6
      size: 6717
    outs:
    - path: models/saved/10_25_0.001_0.25_unet_model.pth
      hash: md5
      md5: e0883c89036d602b899ed7d0f90d1181
      size: 484663
    - path: models/saved/10_25_0.1_0.25_unet_model.pth
      hash: md5
      md5: 18d96310dd0ccc55276e5a63b74d5cd4
      size: 484607
    - path: models/saved/10_50_0.001_0.25_unet_model.pth
      hash: md5
      md5: 197a00f11f159bc60bf7eff86339105e
      size: 484479
    - path: models/saved/10_50_0.1_0.25_unet_model.pth
      hash: md5
      md5: 07b0301a7d21796b54563e4c84bdad62
      size: 484607
  predict_model:
    cmd: python src/models/predict_model.py
    deps:
    - path: models/saved/10_25_0.001_0.25_unet_model.pth
      hash: md5
      md5: e0883c89036d602b899ed7d0f90d1181
      size: 484663
    - path: models/saved/10_25_0.1_0.25_unet_model.pth
      hash: md5
      md5: 18d96310dd0ccc55276e5a63b74d5cd4
      size: 484607
    - path: models/saved/10_50_0.001_0.25_unet_model.pth
      hash: md5
      md5: 197a00f11f159bc60bf7eff86339105e
      size: 484479
    - path: models/saved/10_50_0.1_0.25_unet_model.pth
      hash: md5
      md5: 07b0301a7d21796b54563e4c84bdad62
      size: 484607
    - path: src/models/predict_model.py
      hash: md5
      md5: b52468fa50687559c1229a79b53680cc
      size: 6698
    outs:
    - path: models/metrics/10_25_0.001_0.25.metrics
      hash: md5
      md5: 7328868edff72481816aef3e11ed6411
      size: 100
    - path: models/metrics/10_25_0.1_0.25.metrics
      hash: md5
      md5: 973b640c082d73a8b3ae9880fbac0d1d
      size: 100
    - path: models/metrics/10_50_0.001_0.25.metrics
      hash: md5
      md5: ab647c045c2fecd60b9b598b49809a12
      size: 100
    - path: models/metrics/10_50_0.1_0.25.metrics
      hash: md5
      md5: 973b640c082d73a8b3ae9880fbac0d1d
      size: 100
