schema: '2.0'
stages:
  extract_data:
    cmd: python3 src/data/extract_data.py
    deps:
    - path: data/raw/datasets.zip
      hash: md5
      md5: 47fcc6fa67d6e390810205cd13884ff2
      size: 2332182734
    - path: src/data/extract_data.py
      hash: md5
      md5: a162d8cfc5ffa79fd9b9b703109fd098
      size: 727
    outs:
    - path: data/raw/datasets
      hash: md5
      md5: 66bee4e275a0021231c766dba46fb683.dir
      size: 2360199167
      nfiles: 1549
  make_dataset:
    cmd: python3 src/data/make_dataset.py
    deps:
    - path: data/raw/datasets
      hash: md5
      md5: 66bee4e275a0021231c766dba46fb683.dir
      size: 2360199167
      nfiles: 1549
    - path: src/data/make_dataset.py
      hash: md5
      md5: a97010e40c436ff9ffbfb9dfe137acf2
      size: 3986
    outs:
    - path: data/processed/datasets_processed.zip
      hash: md5
      md5: 8a2ead336a61d0fbd1502cf745b27fc4
      size: 2048543648
  train_model:
    cmd: python3 src/models/train_model.py
    deps:
    - path: data/processed/datasets_processed.zip
      hash: md5
      md5: 8a2ead336a61d0fbd1502cf745b27fc4
      size: 2048543648
    - path: src/models/train_model.py
      hash: md5
      md5: a4c40c8ec8d5b3e789f2115652fe3811
      size: 6113
    outs:
    - path: models/saved/10_50_0.001_0.25_cpu_unet_model.pth
      hash: md5
      md5: 197a00f11f159bc60bf7eff86339105e
      size: 484479
  predict_model:
    cmd: python3 src/models/predict_model.py
    deps:
    - path: models/saved/10_50_0.001_0.25_cpu_unet_model.pth
      hash: md5
      md5: 197a00f11f159bc60bf7eff86339105e
      size: 484479
    - path: src/models/predict_model.py
      hash: md5
      md5: 4dd6200dbb4591fecd084ff48716a1f2
      size: 5549
    outs:
    - path: models/metrics/acc.metrics
      hash: md5
      md5: f32bafef64e057c65be4b68203ea4f25
      size: 20
    - path: models/metrics/iou.metrics
      hash: md5
      md5: 67cd45916818b2179ac4f204957bccf8
      size: 20
